
Microsoft Visual Studio Solution File, Format Version 12.00
# Visual Studio 15
VisualStudioVersion = 15.0.26228.9
MinimumVisualStudioVersion = 10.0.40219.1
Project("{9A19103F-16F7-4668-BE54-9A1E7A4F7556}") = "PatientRecords", "PatientRecords\PatientRecords.csproj", "{D4B711E6-E46C-4139-A9DC-4DD4A9B5D1BD}"
EndProject
Project("{2150E333-8FDC-42A3-9474-1A3956D46DE8}") = "Test", "Test", "{C8C934E2-CC32-490E-9579-B2B3753F948C}"
EndProject
Project("{9A19103F-16F7-4668-BE54-9A1E7A4F7556}") = "PatientRecords.Tests", "PatientRecords.Tests\PatientRecords.Tests.csproj", "{4E278713-8F72-4A36-AEEA-070333B7AE01}"
EndProject
Global
	GlobalSection(SolutionConfigurationPlatforms) = preSolution
		Debug|Any CPU = Debug|Any CPU
		Release|Any CPU = Release|Any CPU
	EndGlobalSection
	GlobalSection(ProjectConfigurationPlatforms) = postSolution
		{D4B711E6-E46C-4139-A9DC-4DD4A9B5D1BD}.Debug|Any CPU.ActiveCfg = Debug|Any CPU
		{D4B711E6-E46C-4139-A9DC-4DD4A9B5D1BD}.Debug|Any CPU.Build.0 = Debug|Any CPU
		{D4B711E6-E46C-4139-A9DC-4DD4A9B5D1BD}.Release|Any CPU.ActiveCfg = Release|Any CPU
		{D4B711E6-E46C-4139-A9DC-4DD4A9B5D1BD}.Release|Any CPU.Build.0 = Release|Any CPU
		{4E278713-8F72-4A36-AEEA-070333B7AE01}.Debug|Any CPU.ActiveCfg = Debug|Any CPU
		{4E278713-8F72-4A36-AEEA-070333B7AE01}.Debug|Any CPU.Build.0 = Debug|Any CPU
		{4E278713-8F72-4A36-AEEA-070333B7AE01}.Release|Any CPU.ActiveCfg = Release|Any CPU
		{4E278713-8F72-4A36-AEEA-070333B7AE01}.Release|Any CPU.Build.0 = Release|Any CPU
	EndGlobalSection
	GlobalSection(SolutionProperties) = preSolution
		HideSolutionNode = FALSE
	EndGlobalSection
	GlobalSection(NestedProjects) = preSolution
		{4E278713-8F72-4A36-AEEA-070333B7AE01} = {C8C934E2-CC32-490E-9579-B2B3753F948C}
	EndGlobalSection
EndGlobal
