
Microsoft Visual Studio Solution File, Format Version 12.00
# Visual Studio 15
VisualStudioVersion = 15.0.25914.0
MinimumVisualStudioVersion = 10.0.40219.1
Project("{2150E333-8FDC-42A3-9474-1A3956D46DE8}") = "src", "src", "{B483DE09-3011-469B-AA86-DA39029503D6}"
EndProject
Project("{FAE04EC0-301F-11D3-BF4B-00C04F79EFBC}") = "PatientRecords", "src\PatientRecords\PatientRecords.csproj", "{68D91351-4149-4BE2-A5AE-781D980C9990}"
EndProject
Global
	GlobalSection(SolutionConfigurationPlatforms) = preSolution
		Debug|Any CPU = Debug|Any CPU
		Release|Any CPU = Release|Any CPU
	EndGlobalSection
	GlobalSection(ProjectConfigurationPlatforms) = postSolution
		{68D91351-4149-4BE2-A5AE-781D980C9990}.Debug|Any CPU.ActiveCfg = Debug|Any CPU
		{68D91351-4149-4BE2-A5AE-781D980C9990}.Debug|Any CPU.Build.0 = Debug|Any CPU
		{68D91351-4149-4BE2-A5AE-781D980C9990}.Release|Any CPU.ActiveCfg = Release|Any CPU
		{68D91351-4149-4BE2-A5AE-781D980C9990}.Release|Any CPU.Build.0 = Release|Any CPU
	EndGlobalSection
	GlobalSection(SolutionProperties) = preSolution
		HideSolutionNode = FALSE
	EndGlobalSection
	GlobalSection(NestedProjects) = preSolution
		{68D91351-4149-4BE2-A5AE-781D980C9990} = {B483DE09-3011-469B-AA86-DA39029503D6}
	EndGlobalSection
EndGlobal
