
Microsoft Visual Studio Solution File, Format Version 12.00
# Visual Studio 14
VisualStudioVersion = 14.0.25420.1
MinimumVisualStudioVersion = 10.0.40219.1
Project("{FAE04EC0-301F-11D3-BF4B-00C04F79EFBC}") = "Ch13_WPF", "Ch13_WPF\Ch13_WPF.csproj", "{A148A685-05EA-4AD3-84BC-0A557387557F}"
EndProject
Project("{FAE04EC0-301F-11D3-BF4B-00C04F79EFBC}") = "Ch13_UWP", "Ch13_UWP\Ch13_UWP.csproj", "{B1733DC5-EA6F-4F9C-9D87-3F9AF0EED9FA}"
EndProject
Project("{FAE04EC0-301F-11D3-BF4B-00C04F79EFBC}") = "Ch13_DataBinding", "Ch13_DataBinding\Ch13_DataBinding.csproj", "{3CB5F627-3513-4545-A754-425636BFD4BB}"
EndProject
Project("{FAE04EC0-301F-11D3-BF4B-00C04F79EFBC}") = "Ch13_BouncingBall", "Ch13_BouncingBall\Ch13_BouncingBall.csproj", "{B960C58B-671D-4AB5-B6DC-3414089AF264}"
EndProject
Global
	GlobalSection(SolutionConfigurationPlatforms) = preSolution
		Debug|Any CPU = Debug|Any CPU
		Debug|ARM = Debug|ARM
		Debug|x64 = Debug|x64
		Debug|x86 = Debug|x86
		Release|Any CPU = Release|Any CPU
		Release|ARM = Release|ARM
		Release|x64 = Release|x64
		Release|x86 = Release|x86
	EndGlobalSection
	GlobalSection(ProjectConfigurationPlatforms) = postSolution
		{A148A685-05EA-4AD3-84BC-0A557387557F}.Debug|Any CPU.ActiveCfg = Debug|Any CPU
		{A148A685-05EA-4AD3-84BC-0A557387557F}.Debug|Any CPU.Build.0 = Debug|Any CPU
		{A148A685-05EA-4AD3-84BC-0A557387557F}.Debug|ARM.ActiveCfg = Debug|Any CPU
		{A148A685-05EA-4AD3-84BC-0A557387557F}.Debug|ARM.Build.0 = Debug|Any CPU
		{A148A685-05EA-4AD3-84BC-0A557387557F}.Debug|x64.ActiveCfg = Debug|Any CPU
		{A148A685-05EA-4AD3-84BC-0A557387557F}.Debug|x64.Build.0 = Debug|Any CPU
		{A148A685-05EA-4AD3-84BC-0A557387557F}.Debug|x86.ActiveCfg = Debug|Any CPU
		{A148A685-05EA-4AD3-84BC-0A557387557F}.Debug|x86.Build.0 = Debug|Any CPU
		{A148A685-05EA-4AD3-84BC-0A557387557F}.Release|Any CPU.ActiveCfg = Release|Any CPU
		{A148A685-05EA-4AD3-84BC-0A557387557F}.Release|Any CPU.Build.0 = Release|Any CPU
		{A148A685-05EA-4AD3-84BC-0A557387557F}.Release|ARM.ActiveCfg = Release|Any CPU
		{A148A685-05EA-4AD3-84BC-0A557387557F}.Release|ARM.Build.0 = Release|Any CPU
		{A148A685-05EA-4AD3-84BC-0A557387557F}.Release|x64.ActiveCfg = Release|Any CPU
		{A148A685-05EA-4AD3-84BC-0A557387557F}.Release|x64.Build.0 = Release|Any CPU
		{A148A685-05EA-4AD3-84BC-0A557387557F}.Release|x86.ActiveCfg = Release|Any CPU
		{A148A685-05EA-4AD3-84BC-0A557387557F}.Release|x86.Build.0 = Release|Any CPU
		{B1733DC5-EA6F-4F9C-9D87-3F9AF0EED9FA}.Debug|Any CPU.ActiveCfg = Debug|x86
		{B1733DC5-EA6F-4F9C-9D87-3F9AF0EED9FA}.Debug|ARM.ActiveCfg = Debug|ARM
		{B1733DC5-EA6F-4F9C-9D87-3F9AF0EED9FA}.Debug|ARM.Build.0 = Debug|ARM
		{B1733DC5-EA6F-4F9C-9D87-3F9AF0EED9FA}.Debug|ARM.Deploy.0 = Debug|ARM
		{B1733DC5-EA6F-4F9C-9D87-3F9AF0EED9FA}.Debug|x64.ActiveCfg = Debug|x64
		{B1733DC5-EA6F-4F9C-9D87-3F9AF0EED9FA}.Debug|x64.Build.0 = Debug|x64
		{B1733DC5-EA6F-4F9C-9D87-3F9AF0EED9FA}.Debug|x64.Deploy.0 = Debug|x64
		{B1733DC5-EA6F-4F9C-9D87-3F9AF0EED9FA}.Debug|x86.ActiveCfg = Debug|x86
		{B1733DC5-EA6F-4F9C-9D87-3F9AF0EED9FA}.Debug|x86.Build.0 = Debug|x86
		{B1733DC5-EA6F-4F9C-9D87-3F9AF0EED9FA}.Debug|x86.Deploy.0 = Debug|x86
		{B1733DC5-EA6F-4F9C-9D87-3F9AF0EED9FA}.Release|Any CPU.ActiveCfg = Release|x86
		{B1733DC5-EA6F-4F9C-9D87-3F9AF0EED9FA}.Release|ARM.ActiveCfg = Release|ARM
		{B1733DC5-EA6F-4F9C-9D87-3F9AF0EED9FA}.Release|ARM.Build.0 = Release|ARM
		{B1733DC5-EA6F-4F9C-9D87-3F9AF0EED9FA}.Release|ARM.Deploy.0 = Release|ARM
		{B1733DC5-EA6F-4F9C-9D87-3F9AF0EED9FA}.Release|x64.ActiveCfg = Release|x64
		{B1733DC5-EA6F-4F9C-9D87-3F9AF0EED9FA}.Release|x64.Build.0 = Release|x64
		{B1733DC5-EA6F-4F9C-9D87-3F9AF0EED9FA}.Release|x64.Deploy.0 = Release|x64
		{B1733DC5-EA6F-4F9C-9D87-3F9AF0EED9FA}.Release|x86.ActiveCfg = Release|x86
		{B1733DC5-EA6F-4F9C-9D87-3F9AF0EED9FA}.Release|x86.Build.0 = Release|x86
		{B1733DC5-EA6F-4F9C-9D87-3F9AF0EED9FA}.Release|x86.Deploy.0 = Release|x86
		{3CB5F627-3513-4545-A754-425636BFD4BB}.Debug|Any CPU.ActiveCfg = Debug|x86
		{3CB5F627-3513-4545-A754-425636BFD4BB}.Debug|ARM.ActiveCfg = Debug|ARM
		{3CB5F627-3513-4545-A754-425636BFD4BB}.Debug|ARM.Build.0 = Debug|ARM
		{3CB5F627-3513-4545-A754-425636BFD4BB}.Debug|ARM.Deploy.0 = Debug|ARM
		{3CB5F627-3513-4545-A754-425636BFD4BB}.Debug|x64.ActiveCfg = Debug|x64
		{3CB5F627-3513-4545-A754-425636BFD4BB}.Debug|x64.Build.0 = Debug|x64
		{3CB5F627-3513-4545-A754-425636BFD4BB}.Debug|x64.Deploy.0 = Debug|x64
		{3CB5F627-3513-4545-A754-425636BFD4BB}.Debug|x86.ActiveCfg = Debug|x86
		{3CB5F627-3513-4545-A754-425636BFD4BB}.Debug|x86.Build.0 = Debug|x86
		{3CB5F627-3513-4545-A754-425636BFD4BB}.Debug|x86.Deploy.0 = Debug|x86
		{3CB5F627-3513-4545-A754-425636BFD4BB}.Release|Any CPU.ActiveCfg = Release|x86
		{3CB5F627-3513-4545-A754-425636BFD4BB}.Release|ARM.ActiveCfg = Release|ARM
		{3CB5F627-3513-4545-A754-425636BFD4BB}.Release|ARM.Build.0 = Release|ARM
		{3CB5F627-3513-4545-A754-425636BFD4BB}.Release|ARM.Deploy.0 = Release|ARM
		{3CB5F627-3513-4545-A754-425636BFD4BB}.Release|x64.ActiveCfg = Release|x64
		{3CB5F627-3513-4545-A754-425636BFD4BB}.Release|x64.Build.0 = Release|x64
		{3CB5F627-3513-4545-A754-425636BFD4BB}.Release|x64.Deploy.0 = Release|x64
		{3CB5F627-3513-4545-A754-425636BFD4BB}.Release|x86.ActiveCfg = Release|x86
		{3CB5F627-3513-4545-A754-425636BFD4BB}.Release|x86.Build.0 = Release|x86
		{3CB5F627-3513-4545-A754-425636BFD4BB}.Release|x86.Deploy.0 = Release|x86
		{B960C58B-671D-4AB5-B6DC-3414089AF264}.Debug|Any CPU.ActiveCfg = Debug|x86
		{B960C58B-671D-4AB5-B6DC-3414089AF264}.Debug|ARM.ActiveCfg = Debug|ARM
		{B960C58B-671D-4AB5-B6DC-3414089AF264}.Debug|ARM.Build.0 = Debug|ARM
		{B960C58B-671D-4AB5-B6DC-3414089AF264}.Debug|ARM.Deploy.0 = Debug|ARM
		{B960C58B-671D-4AB5-B6DC-3414089AF264}.Debug|x64.ActiveCfg = Debug|x64
		{B960C58B-671D-4AB5-B6DC-3414089AF264}.Debug|x64.Build.0 = Debug|x64
		{B960C58B-671D-4AB5-B6DC-3414089AF264}.Debug|x64.Deploy.0 = Debug|x64
		{B960C58B-671D-4AB5-B6DC-3414089AF264}.Debug|x86.ActiveCfg = Debug|x86
		{B960C58B-671D-4AB5-B6DC-3414089AF264}.Debug|x86.Build.0 = Debug|x86
		{B960C58B-671D-4AB5-B6DC-3414089AF264}.Debug|x86.Deploy.0 = Debug|x86
		{B960C58B-671D-4AB5-B6DC-3414089AF264}.Release|Any CPU.ActiveCfg = Release|x86
		{B960C58B-671D-4AB5-B6DC-3414089AF264}.Release|ARM.ActiveCfg = Release|ARM
		{B960C58B-671D-4AB5-B6DC-3414089AF264}.Release|ARM.Build.0 = Release|ARM
		{B960C58B-671D-4AB5-B6DC-3414089AF264}.Release|ARM.Deploy.0 = Release|ARM
		{B960C58B-671D-4AB5-B6DC-3414089AF264}.Release|x64.ActiveCfg = Release|x64
		{B960C58B-671D-4AB5-B6DC-3414089AF264}.Release|x64.Build.0 = Release|x64
		{B960C58B-671D-4AB5-B6DC-3414089AF264}.Release|x64.Deploy.0 = Release|x64
		{B960C58B-671D-4AB5-B6DC-3414089AF264}.Release|x86.ActiveCfg = Release|x86
		{B960C58B-671D-4AB5-B6DC-3414089AF264}.Release|x86.Build.0 = Release|x86
		{B960C58B-671D-4AB5-B6DC-3414089AF264}.Release|x86.Deploy.0 = Release|x86
	EndGlobalSection
	GlobalSection(SolutionProperties) = preSolution
		HideSolutionNode = FALSE
	EndGlobalSection
EndGlobal
