
Microsoft Visual Studio Solution File, Format Version 12.00
# Visual Studio 2013
VisualStudioVersion = 12.0.40629.0
MinimumVisualStudioVersion = 10.0.40219.1
Project("{FAE04EC0-301F-11D3-BF4B-00C04F79EFBC}") = "BasketballStatsPostSharp", "BasketballStatsPostSharp\BasketballStatsPostSharp.csproj", "{A99C29B2-BF5A-4F0C-A6F5-00DE6E6E59DF}"
EndProject
Project("{FAE04EC0-301F-11D3-BF4B-00C04F79EFBC}") = "AspNetMvcCacheDemo", "AspNetMvcCacheDemo\AspNetMvcCacheDemo.csproj", "{A1CF54F8-2218-4A4C-8098-3E6DA8195032}"
EndProject
Project("{FAE04EC0-301F-11D3-BF4B-00C04F79EFBC}") = "WebFormHttpModule", "WebFormHttpModule\WebFormHttpModule.csproj", "{A6F080FB-59BC-4AED-8DD6-6914DD13CD33}"
EndProject
Project("{FAE04EC0-301F-11D3-BF4B-00C04F79EFBC}") = "DetectMobileUser", "DetectMobileUser\DetectMobileUser.csproj", "{6921E798-4634-4A68-86F5-CDC9865A181B}"
EndProject
Global
	GlobalSection(SolutionConfigurationPlatforms) = preSolution
		Debug|Any CPU = Debug|Any CPU
		Release|Any CPU = Release|Any CPU
	EndGlobalSection
	GlobalSection(ProjectConfigurationPlatforms) = postSolution
		{A99C29B2-BF5A-4F0C-A6F5-00DE6E6E59DF}.Debug|Any CPU.ActiveCfg = Debug|Any CPU
		{A99C29B2-BF5A-4F0C-A6F5-00DE6E6E59DF}.Debug|Any CPU.Build.0 = Debug|Any CPU
		{A99C29B2-BF5A-4F0C-A6F5-00DE6E6E59DF}.Release|Any CPU.ActiveCfg = Release|Any CPU
		{A99C29B2-BF5A-4F0C-A6F5-00DE6E6E59DF}.Release|Any CPU.Build.0 = Release|Any CPU
		{A1CF54F8-2218-4A4C-8098-3E6DA8195032}.Debug|Any CPU.ActiveCfg = Debug|Any CPU
		{A1CF54F8-2218-4A4C-8098-3E6DA8195032}.Debug|Any CPU.Build.0 = Debug|Any CPU
		{A1CF54F8-2218-4A4C-8098-3E6DA8195032}.Release|Any CPU.ActiveCfg = Release|Any CPU
		{A1CF54F8-2218-4A4C-8098-3E6DA8195032}.Release|Any CPU.Build.0 = Release|Any CPU
		{A6F080FB-59BC-4AED-8DD6-6914DD13CD33}.Debug|Any CPU.ActiveCfg = Debug|Any CPU
		{A6F080FB-59BC-4AED-8DD6-6914DD13CD33}.Debug|Any CPU.Build.0 = Debug|Any CPU
		{A6F080FB-59BC-4AED-8DD6-6914DD13CD33}.Release|Any CPU.ActiveCfg = Release|Any CPU
		{A6F080FB-59BC-4AED-8DD6-6914DD13CD33}.Release|Any CPU.Build.0 = Release|Any CPU
		{6921E798-4634-4A68-86F5-CDC9865A181B}.Debug|Any CPU.ActiveCfg = Debug|Any CPU
		{6921E798-4634-4A68-86F5-CDC9865A181B}.Debug|Any CPU.Build.0 = Debug|Any CPU
		{6921E798-4634-4A68-86F5-CDC9865A181B}.Release|Any CPU.ActiveCfg = Release|Any CPU
		{6921E798-4634-4A68-86F5-CDC9865A181B}.Release|Any CPU.Build.0 = Release|Any CPU
	EndGlobalSection
	GlobalSection(SolutionProperties) = preSolution
		HideSolutionNode = FALSE
	EndGlobalSection
EndGlobal
