
Microsoft Visual Studio Solution File, Format Version 12.00
# Visual Studio 14
VisualStudioVersion = 14.0.25420.1
MinimumVisualStudioVersion = 10.0.40219.1
Project("{2150E333-8FDC-42A3-9474-1A3956D46DE8}") = "src", "src", "{725A717B-43FA-47C4-A7EA-D35874AE315E}"
EndProject
Project("{2150E333-8FDC-42A3-9474-1A3956D46DE8}") = "Solution Items", "Solution Items", "{021784EA-B708-449B-82CA-C42E90E8E8BD}"
	ProjectSection(SolutionItems) = preProject
		global.json = global.json
	EndProjectSection
EndProject
Project("{8BB2217D-0F2D-49D1-97BC-3654ED321F3B}") = "DataStructures", "src\DataStructures\DataStructures.xproj", "{2440B687-EA8A-4FE6-A3AF-9DC7F9DC56F3}"
EndProject
Global
	GlobalSection(SolutionConfigurationPlatforms) = preSolution
		Debug|Any CPU = Debug|Any CPU
		Release|Any CPU = Release|Any CPU
	EndGlobalSection
	GlobalSection(ProjectConfigurationPlatforms) = postSolution
		{2440B687-EA8A-4FE6-A3AF-9DC7F9DC56F3}.Debug|Any CPU.ActiveCfg = Debug|Any CPU
		{2440B687-EA8A-4FE6-A3AF-9DC7F9DC56F3}.Debug|Any CPU.Build.0 = Debug|Any CPU
		{2440B687-EA8A-4FE6-A3AF-9DC7F9DC56F3}.Release|Any CPU.ActiveCfg = Release|Any CPU
		{2440B687-EA8A-4FE6-A3AF-9DC7F9DC56F3}.Release|Any CPU.Build.0 = Release|Any CPU
	EndGlobalSection
	GlobalSection(SolutionProperties) = preSolution
		HideSolutionNode = FALSE
	EndGlobalSection
	GlobalSection(NestedProjects) = preSolution
		{2440B687-EA8A-4FE6-A3AF-9DC7F9DC56F3} = {725A717B-43FA-47C4-A7EA-D35874AE315E}
	EndGlobalSection
EndGlobal
