
Microsoft Visual Studio Solution File, Format Version 12.00
# Visual Studio 15
VisualStudioVersion = 15.0.25914.0
MinimumVisualStudioVersion = 10.0.40219.1
Project("{2150E333-8FDC-42A3-9474-1A3956D46DE8}") = "src", "src", "{69B0F9CF-525E-4E9F-A23E-90CABB73038D}"
EndProject
Project("{FAE04EC0-301F-11D3-BF4B-00C04F79EFBC}") = "ClientManagePractice", "src\ClientManagePractice\ClientManagePractice.csproj", "{5DCC0233-4C01-4D60-9D48-E03615F4179A}"
EndProject
Global
	GlobalSection(SolutionConfigurationPlatforms) = preSolution
		Debug|Any CPU = Debug|Any CPU
		Release|Any CPU = Release|Any CPU
	EndGlobalSection
	GlobalSection(ProjectConfigurationPlatforms) = postSolution
		{5DCC0233-4C01-4D60-9D48-E03615F4179A}.Debug|Any CPU.ActiveCfg = Debug|Any CPU
		{5DCC0233-4C01-4D60-9D48-E03615F4179A}.Debug|Any CPU.Build.0 = Debug|Any CPU
		{5DCC0233-4C01-4D60-9D48-E03615F4179A}.Release|Any CPU.ActiveCfg = Release|Any CPU
		{5DCC0233-4C01-4D60-9D48-E03615F4179A}.Release|Any CPU.Build.0 = Release|Any CPU
	EndGlobalSection
	GlobalSection(SolutionProperties) = preSolution
		HideSolutionNode = FALSE
	EndGlobalSection
	GlobalSection(NestedProjects) = preSolution
		{5DCC0233-4C01-4D60-9D48-E03615F4179A} = {69B0F9CF-525E-4E9F-A23E-90CABB73038D}
	EndGlobalSection
EndGlobal
